# This file is automatically @generated by Cargo.
# It is not intended for manual editing.
version = 3

[[package]]
name = "Docker_DLC"
version = "1.0.0-beta.1"
dependencies = [
 "dlc",
 "dlc-manager",
 "dlc-messages",
]

[[package]]
name = "async-trait"
version = "0.1.81"
source = "registry+https://github.com/rust-lang/crates.io-index"
checksum = "6e0c28dcc82d7c8ead5cb13beb15405b57b8546e93215673ff8ca0349a028107"
dependencies = [
 "proc-macro2",
 "quote",
 "syn",
]

[[package]]
name = "bech32"
version = "0.9.1"
source = "registry+https://github.com/rust-lang/crates.io-index"
checksum = "d86b93f97252c47b41663388e6d155714a9d0c398b99f1005cbc5f978b29f445"

[[package]]
name = "bitcoin"
version = "0.30.2"
source = "registry+https://github.com/rust-lang/crates.io-index"
checksum = "1945a5048598e4189e239d3f809b19bdad4845c4b2ba400d304d2dcf26d2c462"
dependencies = [
 "bech32",
 "bitcoin-private",
 "bitcoin_hashes",
 "hex_lit",
 "secp256k1",
]

[[package]]
name = "bitcoin-private"
version = "0.1.0"
source = "registry+https://github.com/rust-lang/crates.io-index"
checksum = "73290177011694f38ec25e165d0387ab7ea749a4b81cd4c80dae5988229f7a57"

[[package]]
name = "bitcoin_hashes"
version = "0.12.0"
source = "registry+https://github.com/rust-lang/crates.io-index"
checksum = "5d7066118b13d4b20b23645932dfb3a81ce7e29f95726c2036fa33cd7b092501"
dependencies = [
 "bitcoin-private",
]

[[package]]
name = "byteorder"
version = "1.5.0"
source = "registry+https://github.com/rust-lang/crates.io-index"
checksum = "1fd0f2584146f6f2ef48085050886acf353beff7305ebd1ae69500e27c67f64b"

[[package]]
name = "cc"
version = "1.1.7"
source = "registry+https://github.com/rust-lang/crates.io-index"
checksum = "26a5c3fd7bfa1ce3897a3a3501d362b2d87b7f2583ebcb4a949ec25911025cbc"

[[package]]
name = "cfg-if"
version = "1.0.0"
source = "registry+https://github.com/rust-lang/crates.io-index"
checksum = "baf1de4339761588bc0619e3cbc0120ee582ebb74b53b4efbf79117bd2da40fd"

[[package]]
name = "dlc"
version = "0.5.0"
source = "registry+https://github.com/rust-lang/crates.io-index"
checksum = "22b6f19b12f135c9fefde2b1ff95dac0d1f04f3256456ce36f72299be1a025e4"
dependencies = [
 "bitcoin",
 "miniscript",
 "secp256k1-sys",
 "secp256k1-zkp",
]

[[package]]
name = "dlc-manager"
version = "0.5.0"
source = "registry+https://github.com/rust-lang/crates.io-index"
checksum = "bf59f3a76e571e2bf85021bb34c91c03d004241426dbcd438c47d5a76c476834"
dependencies = [
 "async-trait",
 "bitcoin",
 "dlc",
 "dlc-messages",
 "dlc-trie",
 "hex-conservative",
 "lightning",
 "log",
 "secp256k1-zkp",
]

[[package]]
name = "dlc-messages"
version = "0.5.0"
source = "registry+https://github.com/rust-lang/crates.io-index"
checksum = "758cb623d4889882e7da547e98ff9f6249b59d081048402dfab2e8f5f54c6441"
dependencies = [
 "bitcoin",
 "dlc",
 "lightning",
 "secp256k1-zkp",
]

[[package]]
name = "dlc-trie"
version = "0.5.0"
source = "registry+https://github.com/rust-lang/crates.io-index"
checksum = "c36982420191ed253bf8d813be6259cb1116d17401ba2eed6a1fa50665674e21"
dependencies = [
 "bitcoin",
 "dlc",
 "secp256k1-zkp",
]

[[package]]
name = "getrandom"
version = "0.2.15"
source = "registry+https://github.com/rust-lang/crates.io-index"
checksum = "c4567c8db10ae91089c99af84c68c38da3ec2f087c3f82960bcdbf3656b6f4d7"
dependencies = [
 "cfg-if",
 "libc",
 "wasi",
]

[[package]]
name = "hex-conservative"
version = "0.1.2"
source = "registry+https://github.com/rust-lang/crates.io-index"
checksum = "212ab92002354b4819390025006c897e8140934349e8635c9b077f47b4dcbd20"

[[package]]
name = "hex_lit"
version = "0.1.1"
source = "registry+https://github.com/rust-lang/crates.io-index"
checksum = "3011d1213f159867b13cfd6ac92d2cd5f1345762c63be3554e84092d85a50bbd"

[[package]]
name = "libc"
version = "0.2.155"
source = "registry+https://github.com/rust-lang/crates.io-index"
checksum = "97b3888a4aecf77e811145cadf6eef5901f4782c53886191b2f693f24761847c"

[[package]]
name = "lightning"
version = "0.0.121"
source = "registry+https://github.com/rust-lang/crates.io-index"
checksum = "5b0c1f811ae288f86c6767055c55b5f7a721ca1e61bf1897a9ae2ec663e8aba1"
dependencies = [
 "bitcoin",
 "hex-conservative",
]

[[package]]
name = "log"
version = "0.4.22"
source = "registry+https://github.com/rust-lang/crates.io-index"
checksum = "a7a70ba024b9dc04c27ea2f0c0548feb474ec5c54bba33a7f72f873a39d07b24"

[[package]]
name = "miniscript"
version = "10.2.0"
source = "registry+https://github.com/rust-lang/crates.io-index"
checksum = "d371924f9eb7aa860ab395baaaa0bcdfa81a32f330b538c4e2c04617b2722fe3"
dependencies = [
 "bitcoin",
 "bitcoin-private",
]

[[package]]
name = "ppv-lite86"
version = "0.2.19"
source = "registry+https://github.com/rust-lang/crates.io-index"
checksum = "2288c0e17cc8d342c712bb43a257a80ebffce59cdb33d5000d8348f3ec02528b"
dependencies = [
 "zerocopy",
 "zerocopy-derive",
]

[[package]]
name = "proc-macro2"
version = "1.0.86"
source = "registry+https://github.com/rust-lang/crates.io-index"
checksum = "5e719e8df665df0d1c8fbfd238015744736151d4445ec0836b8e628aae103b77"
dependencies = [
 "unicode-ident",
]

[[package]]
name = "quote"
version = "1.0.36"
source = "registry+https://github.com/rust-lang/crates.io-index"
checksum = "0fa76aaf39101c457836aec0ce2316dbdc3ab723cdda1c6bd4e6ad4208acaca7"
dependencies = [
 "proc-macro2",
]

[[package]]
name = "rand"
version = "0.8.5"
source = "registry+https://github.com/rust-lang/crates.io-index"
checksum = "34af8d1a0e25924bc5b7c43c079c942339d8f0a8b57c39049bef581b46327404"
dependencies = [
 "libc",
 "rand_chacha",
 "rand_core",
]

[[package]]
name = "rand_chacha"
version = "0.3.1"
source = "registry+https://github.com/rust-lang/crates.io-index"
checksum = "e6c10a63a0fa32252be49d21e7709d4d4baf8d231c2dbce1eaa8141b9b127d88"
dependencies = [
 "ppv-lite86",
 "rand_core",
]

[[package]]
name = "rand_core"
version = "0.6.4"
source = "registry+https://github.com/rust-lang/crates.io-index"
checksum = "ec0be4795e2f6a28069bec0b5ff3e2ac9bafc99e6a9a7dc3547996c5c816922c"
dependencies = [
 "getrandom",
]

[[package]]
name = "secp256k1"
version = "0.27.0"
source = "registry+https://github.com/rust-lang/crates.io-index"
checksum = "25996b82292a7a57ed3508f052cfff8640d38d32018784acd714758b43da9c8f"
dependencies = [
 "bitcoin_hashes",
 "rand",
 "secp256k1-sys",
]

[[package]]
name = "secp256k1-sys"
version = "0.8.1"
source = "registry+https://github.com/rust-lang/crates.io-index"
checksum = "70a129b9e9efbfb223753b9163c4ab3b13cff7fd9c7f010fbac25ab4099fa07e"
dependencies = [
 "cc",
]

[[package]]
name = "secp256k1-zkp"
version = "0.9.2"
source = "registry+https://github.com/rust-lang/crates.io-index"
checksum = "026efcdacb95ee6aae5cc19144dc1549973eac36a4972700c28493de1ee5d69f"
dependencies = [
 "bitcoin-private",
 "rand",
 "secp256k1",
 "secp256k1-zkp-sys",
]

[[package]]
name = "secp256k1-zkp-sys"
version = "0.8.1"
source = "registry+https://github.com/rust-lang/crates.io-index"
checksum = "d03ab1ca75a18e1899e8d9b8d28b5998ae1ddcb42fec5956769718543293c723"
dependencies = [
 "cc",
 "secp256k1-sys",
]

[[package]]
name = "syn"
version = "2.0.72"
source = "registry+https://github.com/rust-lang/crates.io-index"
checksum = "dc4b9b9bf2add8093d3f2c0204471e951b2285580335de42f9d2534f3ae7a8af"
dependencies = [
 "proc-macro2",
 "quote",
 "unicode-ident",
]

[[package]]
name = "unicode-ident"
version = "1.0.12"
source = "registry+https://github.com/rust-lang/crates.io-index"
checksum = "3354b9ac3fae1ff6755cb6db53683adb661634f67557942dea4facebec0fee4b"

[[package]]
name = "wasi"
version = "0.11.0+wasi-snapshot-preview1"
source = "registry+https://github.com/rust-lang/crates.io-index"
checksum = "9c8d87e72b64a3b4db28d11ce29237c246188f4f51057d65a7eab63b7987e423"

[[package]]
name = "zerocopy"
version = "0.7.35"
source = "registry+https://github.com/rust-lang/crates.io-index"
checksum = "1b9b4fd18abc82b8136838da5d50bae7bdea537c574d8dc1a34ed098d6c166f0"
dependencies = [
 "byteorder",
 "zerocopy-derive",
]

[[package]]
name = "zerocopy-derive"
version = "0.7.35"
source = "registry+https://github.com/rust-lang/crates.io-index"
checksum = "fa4f8080344d4671fb4e831a13ad1e68092748387dfc4f55e356242fae12ce3e"
dependencies = [
 "proc-macro2",
 "quote",
 "syn",
]
